
Microsoft Visual Studio Solution File, Format Version 12.00
# Visual Studio Version 17
VisualStudioVersion = 17.0.31903.59
MinimumVisualStudioVersion = 10.0.40219.1
Project("{2150E333-8FDC-42A3-9474-1A3956D46DE8}") = "src", "src", "{827E0CD3-B72D-47B6-A68D-7590B98EB39B}"
EndProject
Project("{FAE04EC0-301F-11D3-BF4B-00C04F79EFBC}") = "AgentEyes.Core", "src\AgentEyes.Core\AgentEyes.Core.csproj", "{971B7D04-5134-467A-A5E6-7A721390A560}"
EndProject
Project("{FAE04EC0-301F-11D3-BF4B-00C04F79EFBC}") = "AgentEyes.App", "src\AgentEyes.App\AgentEyes.App.csproj", "{FADE0525-7C07-4DF1-AFCF-B9DB46BF99C1}"
EndProject
Project("{2150E333-8FDC-42A3-9474-1A3956D46DE8}") = "tests", "tests", "{0AB3BF05-4346-4AA6-1389-037BE0695223}"
EndProject
Project("{FAE04EC0-301F-11D3-BF4B-00C04F79EFBC}") = "AgentEyes.Tests", "tests\AgentEyes.Tests\AgentEyes.Tests.csproj", "{B1F02D0F-78AB-42AA-A291-BB5956A3AD97}"
EndProject
Project("{2150E333-8FDC-42A3-9474-1A3956D46DE8}") = "tools", "tools", "{07C2787E-EAC7-C090-1BA3-A61EC2A24D84}"
EndProject
Project("{FAE04EC0-301F-11D3-BF4B-00C04F79EFBC}") = "AgentEyes.Setup.Engine", "tools\AgentEyes.Setup.Engine\AgentEyes.Setup.Engine.csproj", "{AA25DDA5-F871-4B61-B8B9-6A648130A356}"
EndProject
Project("{FAE04EC0-301F-11D3-BF4B-00C04F79EFBC}") = "AgentEyes.Setup.Cli", "tools\AgentEyes.Setup.Cli\AgentEyes.Setup.Cli.csproj", "{7640728A-90A1-41F9-A54F-7064C104A300}"
EndProject
Project("{FAE04EC0-301F-11D3-BF4B-00C04F79EFBC}") = "AgentEyes.Setup", "tools\AgentEyes.Setup\AgentEyes.Setup.csproj", "{725D7A5D-42E8-4F3C-A790-82341E40443B}"
EndProject
Global
	GlobalSection(SolutionConfigurationPlatforms) = preSolution
		Debug|Any CPU = Debug|Any CPU
		Debug|x64 = Debug|x64
		Debug|x86 = Debug|x86
		Release|Any CPU = Release|Any CPU
		Release|x64 = Release|x64
		Release|x86 = Release|x86
	EndGlobalSection
	GlobalSection(ProjectConfigurationPlatforms) = postSolution
		{971B7D04-5134-467A-A5E6-7A721390A560}.Debug|Any CPU.ActiveCfg = Debug|x64
		{971B7D04-5134-467A-A5E6-7A721390A560}.Debug|Any CPU.Build.0 = Debug|x64
		{971B7D04-5134-467A-A5E6-7A721390A560}.Debug|x64.ActiveCfg = Debug|x64
		{971B7D04-5134-467A-A5E6-7A721390A560}.Debug|x64.Build.0 = Debug|x64
		{971B7D04-5134-467A-A5E6-7A721390A560}.Debug|x86.ActiveCfg = Debug|x64
		{971B7D04-5134-467A-A5E6-7A721390A560}.Debug|x86.Build.0 = Debug|x64
		{971B7D04-5134-467A-A5E6-7A721390A560}.Release|Any CPU.ActiveCfg = Release|x64
		{971B7D04-5134-467A-A5E6-7A721390A560}.Release|Any CPU.Build.0 = Release|x64
		{971B7D04-5134-467A-A5E6-7A721390A560}.Release|x64.ActiveCfg = Release|x64
		{971B7D04-5134-467A-A5E6-7A721390A560}.Release|x64.Build.0 = Release|x64
		{971B7D04-5134-467A-A5E6-7A721390A560}.Release|x86.ActiveCfg = Release|x64
		{971B7D04-5134-467A-A5E6-7A721390A560}.Release|x86.Build.0 = Release|x64
		{FADE0525-7C07-4DF1-AFCF-B9DB46BF99C1}.Debug|Any CPU.ActiveCfg = Debug|x64
		{FADE0525-7C07-4DF1-AFCF-B9DB46BF99C1}.Debug|Any CPU.Build.0 = Debug|x64
		{FADE0525-7C07-4DF1-AFCF-B9DB46BF99C1}.Debug|x64.ActiveCfg = Debug|x64
		{FADE0525-7C07-4DF1-AFCF-B9DB46BF99C1}.Debug|x64.Build.0 = Debug|x64
		{FADE0525-7C07-4DF1-AFCF-B9DB46BF99C1}.Debug|x86.ActiveCfg = Debug|x64
		{FADE0525-7C07-4DF1-AFCF-B9DB46BF99C1}.Debug|x86.Build.0 = Debug|x64
		{FADE0525-7C07-4DF1-AFCF-B9DB46BF99C1}.Release|Any CPU.ActiveCfg = Release|x64
		{FADE0525-7C07-4DF1-AFCF-B9DB46BF99C1}.Release|Any CPU.Build.0 = Release|x64
		{FADE0525-7C07-4DF1-AFCF-B9DB46BF99C1}.Release|x64.ActiveCfg = Release|x64
		{FADE0525-7C07-4DF1-AFCF-B9DB46BF99C1}.Release|x64.Build.0 = Release|x64
		{FADE0525-7C07-4DF1-AFCF-B9DB46BF99C1}.Release|x86.ActiveCfg = Release|x64
		{FADE0525-7C07-4DF1-AFCF-B9DB46BF99C1}.Release|x86.Build.0 = Release|x64
		{B1F02D0F-78AB-42AA-A291-BB5956A3AD97}.Debug|Any CPU.ActiveCfg = Debug|x64
		{B1F02D0F-78AB-42AA-A291-BB5956A3AD97}.Debug|Any CPU.Build.0 = Debug|x64
		{B1F02D0F-78AB-42AA-A291-BB5956A3AD97}.Debug|x64.ActiveCfg = Debug|x64
		{B1F02D0F-78AB-42AA-A291-BB5956A3AD97}.Debug|x64.Build.0 = Debug|x64
		{B1F02D0F-78AB-42AA-A291-BB5956A3AD97}.Debug|x86.ActiveCfg = Debug|x64
		{B1F02D0F-78AB-42AA-A291-BB5956A3AD97}.Debug|x86.Build.0 = Debug|x64
		{B1F02D0F-78AB-42AA-A291-BB5956A3AD97}.Release|Any CPU.ActiveCfg = Release|x64
		{B1F02D0F-78AB-42AA-A291-BB5956A3AD97}.Release|Any CPU.Build.0 = Release|x64
		{B1F02D0F-78AB-42AA-A291-BB5956A3AD97}.Release|x64.ActiveCfg = Release|x64
		{B1F02D0F-78AB-42AA-A291-BB5956A3AD97}.Release|x64.Build.0 = Release|x64
		{B1F02D0F-78AB-42AA-A291-BB5956A3AD97}.Release|x86.ActiveCfg = Release|x64
		{B1F02D0F-78AB-42AA-A291-BB5956A3AD97}.Release|x86.Build.0 = Release|x64
		{AA25DDA5-F871-4B61-B8B9-6A648130A356}.Debug|Any CPU.ActiveCfg = Debug|Any CPU
		{AA25DDA5-F871-4B61-B8B9-6A648130A356}.Debug|Any CPU.Build.0 = Debug|Any CPU
		{AA25DDA5-F871-4B61-B8B9-6A648130A356}.Debug|x64.ActiveCfg = Debug|Any CPU
		{AA25DDA5-F871-4B61-B8B9-6A648130A356}.Debug|x64.Build.0 = Debug|Any CPU
		{AA25DDA5-F871-4B61-B8B9-6A648130A356}.Debug|x86.ActiveCfg = Debug|Any CPU
		{AA25DDA5-F871-4B61-B8B9-6A648130A356}.Debug|x86.Build.0 = Debug|Any CPU
		{AA25DDA5-F871-4B61-B8B9-6A648130A356}.Release|Any CPU.ActiveCfg = Release|Any CPU
		{AA25DDA5-F871-4B61-B8B9-6A648130A356}.Release|Any CPU.Build.0 = Release|Any CPU
		{AA25DDA5-F871-4B61-B8B9-6A648130A356}.Release|x64.ActiveCfg = Release|Any CPU
		{AA25DDA5-F871-4B61-B8B9-6A648130A356}.Release|x64.Build.0 = Release|Any CPU
		{AA25DDA5-F871-4B61-B8B9-6A648130A356}.Release|x86.ActiveCfg = Release|Any CPU
		{AA25DDA5-F871-4B61-B8B9-6A648130A356}.Release|x86.Build.0 = Release|Any CPU
		{7640728A-90A1-41F9-A54F-7064C104A300}.Debug|Any CPU.ActiveCfg = Debug|Any CPU
		{7640728A-90A1-41F9-A54F-7064C104A300}.Debug|Any CPU.Build.0 = Debug|Any CPU
		{7640728A-90A1-41F9-A54F-7064C104A300}.Debug|x64.ActiveCfg = Debug|Any CPU
		{7640728A-90A1-41F9-A54F-7064C104A300}.Debug|x64.Build.0 = Debug|Any CPU
		{7640728A-90A1-41F9-A54F-7064C104A300}.Debug|x86.ActiveCfg = Debug|Any CPU
		{7640728A-90A1-41F9-A54F-7064C104A300}.Debug|x86.Build.0 = Debug|Any CPU
		{7640728A-90A1-41F9-A54F-7064C104A300}.Release|Any CPU.ActiveCfg = Release|Any CPU
		{7640728A-90A1-41F9-A54F-7064C104A300}.Release|Any CPU.Build.0 = Release|Any CPU
		{7640728A-90A1-41F9-A54F-7064C104A300}.Release|x64.ActiveCfg = Release|Any CPU
		{7640728A-90A1-41F9-A54F-7064C104A300}.Release|x64.Build.0 = Release|Any CPU
		{7640728A-90A1-41F9-A54F-7064C104A300}.Release|x86.ActiveCfg = Release|Any CPU
		{7640728A-90A1-41F9-A54F-7064C104A300}.Release|x86.Build.0 = Release|Any CPU
		{725D7A5D-42E8-4F3C-A790-82341E40443B}.Debug|Any CPU.ActiveCfg = Debug|Any CPU
		{725D7A5D-42E8-4F3C-A790-82341E40443B}.Debug|Any CPU.Build.0 = Debug|Any CPU
		{725D7A5D-42E8-4F3C-A790-82341E40443B}.Debug|x64.ActiveCfg = Debug|Any CPU
		{725D7A5D-42E8-4F3C-A790-82341E40443B}.Debug|x64.Build.0 = Debug|Any CPU
		{725D7A5D-42E8-4F3C-A790-82341E40443B}.Debug|x86.ActiveCfg = Debug|Any CPU
		{725D7A5D-42E8-4F3C-A790-82341E40443B}.Debug|x86.Build.0 = Debug|Any CPU
		{725D7A5D-42E8-4F3C-A790-82341E40443B}.Release|Any CPU.ActiveCfg = Release|Any CPU
		{725D7A5D-42E8-4F3C-A790-82341E40443B}.Release|Any CPU.Build.0 = Release|Any CPU
		{725D7A5D-42E8-4F3C-A790-82341E40443B}.Release|x64.ActiveCfg = Release|Any CPU
		{725D7A5D-42E8-4F3C-A790-82341E40443B}.Release|x64.Build.0 = Release|Any CPU
		{725D7A5D-42E8-4F3C-A790-82341E40443B}.Release|x86.ActiveCfg = Release|Any CPU
		{725D7A5D-42E8-4F3C-A790-82341E40443B}.Release|x86.Build.0 = Release|Any CPU
	EndGlobalSection
	GlobalSection(SolutionProperties) = preSolution
		HideSolutionNode = FALSE
	EndGlobalSection
	GlobalSection(NestedProjects) = preSolution
		{971B7D04-5134-467A-A5E6-7A721390A560} = {827E0CD3-B72D-47B6-A68D-7590B98EB39B}
		{FADE0525-7C07-4DF1-AFCF-B9DB46BF99C1} = {827E0CD3-B72D-47B6-A68D-7590B98EB39B}
		{B1F02D0F-78AB-42AA-A291-BB5956A3AD97} = {0AB3BF05-4346-4AA6-1389-037BE0695223}
		{AA25DDA5-F871-4B61-B8B9-6A648130A356} = {07C2787E-EAC7-C090-1BA3-A61EC2A24D84}
		{7640728A-90A1-41F9-A54F-7064C104A300} = {07C2787E-EAC7-C090-1BA3-A61EC2A24D84}
		{725D7A5D-42E8-4F3C-A790-82341E40443B} = {07C2787E-EAC7-C090-1BA3-A61EC2A24D84}
	EndGlobalSection
EndGlobal
